
Microsoft Visual Studio Solution File, Format Version 12.00
# Visual Studio Version 17
VisualStudioVersion = 17.1.32210.238
MinimumVisualStudioVersion = 10.0.40219.1
Project("{FAE04EC0-301F-11D3-BF4B-00C04F79EFBC}") = "FindMaxUsingGenerics", "FindMaxUsingGenerics.csproj", "{A6A721C5-9166-4D84-8B85-A7D311627E4A}"
EndProject
Global
	GlobalSection(SolutionConfigurationPlatforms) = preSolution
		Debug|Any CPU = Debug|Any CPU
		Release|Any CPU = Release|Any CPU
	EndGlobalSection
	GlobalSection(ProjectConfigurationPlatforms) = postSolution
		{A6A721C5-9166-4D84-8B85-A7D311627E4A}.Debug|Any CPU.ActiveCfg = Debug|Any CPU
		{A6A721C5-9166-4D84-8B85-A7D311627E4A}.Debug|Any CPU.Build.0 = Debug|Any CPU
		{A6A721C5-9166-4D84-8B85-A7D311627E4A}.Release|Any CPU.ActiveCfg = Release|Any CPU
		{A6A721C5-9166-4D84-8B85-A7D311627E4A}.Release|Any CPU.Build.0 = Release|Any CPU
	EndGlobalSection
	GlobalSection(SolutionProperties) = preSolution
		HideSolutionNode = FALSE
	EndGlobalSection
	GlobalSection(ExtensibilityGlobals) = postSolution
		SolutionGuid = {17CD53AD-1948-49B9-9BA3-6E7B8C2ACC50}
	EndGlobalSection
EndGlobal
